
Microsoft Visual Studio Solution File, Format Version 12.00
# Visual Studio Version 16
VisualStudioVersion = 16.0.31911.196
MinimumVisualStudioVersion = 10.0.40219.1
Project("{FAE04EC0-301F-11D3-BF4B-00C04F79EFBC}") = "BFK-S_KA1", "BFK-S_KA1.csproj", "{BFAF1172-4AA6-4EA8-8F62-8AEC0A7231B1}"
EndProject
Global
	GlobalSection(SolutionConfigurationPlatforms) = preSolution
		Debug|Any CPU = Debug|Any CPU
		Release|Any CPU = Release|Any CPU
	EndGlobalSection
	GlobalSection(ProjectConfigurationPlatforms) = postSolution
		{BFAF1172-4AA6-4EA8-8F62-8AEC0A7231B1}.Debug|Any CPU.ActiveCfg = Debug|Any CPU
		{BFAF1172-4AA6-4EA8-8F62-8AEC0A7231B1}.Debug|Any CPU.Build.0 = Debug|Any CPU
		{BFAF1172-4AA6-4EA8-8F62-8AEC0A7231B1}.Release|Any CPU.ActiveCfg = Release|Any CPU
		{BFAF1172-4AA6-4EA8-8F62-8AEC0A7231B1}.Release|Any CPU.Build.0 = Release|Any CPU
	EndGlobalSection
	GlobalSection(SolutionProperties) = preSolution
		HideSolutionNode = FALSE
	EndGlobalSection
	GlobalSection(ExtensibilityGlobals) = postSolution
		SolutionGuid = {6AEE6881-E119-4B0D-8726-576FB9199AC8}
	EndGlobalSection
EndGlobal
